dependencies:
- name: rtsp-camera-simulator
  repository: file://../rtsp-camera-simulator
  version: 0.1.0
- name: rtsp-camera-to-pravega
  repository: file://../rtsp-camera-to-pravega
  version: 0.2.0
- name: media-validator
  repository: file://../media-validator
  version: 0.2.0
digest: sha256:355f63274057098500da5a2c023771ed2bd4b0c21246ea7a3dad029b83d8f8ed
generated: "2021-08-06T23:27:32.789450143Z"
