dependencies:
- name: rtsp-camera-simulator
  repository: file://../rtsp-camera-simulator
  version: 0.1.0
- name: rtsp-camera-to-pravega
  repository: file://../rtsp-camera-to-pravega
  version: 0.2.0
- name: media-validator
  repository: file://../media-validator
  version: 0.2.0
- name: object-detector
  repository: file://../object-detector
  version: 0.2.0
digest: sha256:f33950d8ad34cbb5ff7fc74d0250f0fcd87c4bf7d128fc70fb7dbe2cfca35f4f
generated: "2021-08-10T23:06:02.479562478Z"
